
Microsoft Visual Studio Solution File, Format Version 12.00
# Visual Studio 14
VisualStudioVersion = 14.0.22512.0
MinimumVisualStudioVersion = 10.0.40219.1
Project("{FAE04EC0-301F-11D3-BF4B-00C04F79EFBC}") = "FizzBuzzKata.Test", "FizzBuzzKata.Test\FizzBuzzKata.Test.csproj", "{C2730F06-A901-4F2C-9215-657B46E19C55}"
EndProject
Project("{FAE04EC0-301F-11D3-BF4B-00C04F79EFBC}") = "FizzBuzzKata", "FizzBuzzKata\FizzBuzzKata.csproj", "{934C36BF-9E88-4255-8CDE-FD875A8EFA1C}"
EndProject
Global
	GlobalSection(SolutionConfigurationPlatforms) = preSolution
		Debug|Any CPU = Debug|Any CPU
		Release|Any CPU = Release|Any CPU
	EndGlobalSection
	GlobalSection(ProjectConfigurationPlatforms) = postSolution
		{C2730F06-A901-4F2C-9215-657B46E19C55}.Debug|Any CPU.ActiveCfg = Debug|Any CPU
		{C2730F06-A901-4F2C-9215-657B46E19C55}.Debug|Any CPU.Build.0 = Debug|Any CPU
		{C2730F06-A901-4F2C-9215-657B46E19C55}.Release|Any CPU.ActiveCfg = Release|Any CPU
		{C2730F06-A901-4F2C-9215-657B46E19C55}.Release|Any CPU.Build.0 = Release|Any CPU
		{934C36BF-9E88-4255-8CDE-FD875A8EFA1C}.Debug|Any CPU.ActiveCfg = Debug|Any CPU
		{934C36BF-9E88-4255-8CDE-FD875A8EFA1C}.Debug|Any CPU.Build.0 = Debug|Any CPU
		{934C36BF-9E88-4255-8CDE-FD875A8EFA1C}.Release|Any CPU.ActiveCfg = Release|Any CPU
		{934C36BF-9E88-4255-8CDE-FD875A8EFA1C}.Release|Any CPU.Build.0 = Release|Any CPU
	EndGlobalSection
	GlobalSection(SolutionProperties) = preSolution
		HideSolutionNode = FALSE
	EndGlobalSection
EndGlobal
